
Microsoft Visual Studio Solution File, Format Version 12.00
# Visual Studio Version 17
VisualStudioVersion = 17.13.35919.96 d17.13
MinimumVisualStudioVersion = 10.0.40219.1
Project("{8BC9CEB8-8B4A-11D0-8D11-00A0C91BC942}") = "4-9", "4-9\4-9.vcxproj", "{0F85E1CF-169F-42E7-90E6-1990C7619992}"
EndProject
Global
	GlobalSection(SolutionConfigurationPlatforms) = preSolution
		Debug|x64 = Debug|x64
		Debug|x86 = Debug|x86
		Release|x64 = Release|x64
		Release|x86 = Release|x86
	EndGlobalSection
	GlobalSection(ProjectConfigurationPlatforms) = postSolution
		{0F85E1CF-169F-42E7-90E6-1990C7619992}.Debug|x64.ActiveCfg = Debug|x64
		{0F85E1CF-169F-42E7-90E6-1990C7619992}.Debug|x64.Build.0 = Debug|x64
		{0F85E1CF-169F-42E7-90E6-1990C7619992}.Debug|x86.ActiveCfg = Debug|Win32
		{0F85E1CF-169F-42E7-90E6-1990C7619992}.Debug|x86.Build.0 = Debug|Win32
		{0F85E1CF-169F-42E7-90E6-1990C7619992}.Release|x64.ActiveCfg = Release|x64
		{0F85E1CF-169F-42E7-90E6-1990C7619992}.Release|x64.Build.0 = Release|x64
		{0F85E1CF-169F-42E7-90E6-1990C7619992}.Release|x86.ActiveCfg = Release|Win32
		{0F85E1CF-169F-42E7-90E6-1990C7619992}.Release|x86.Build.0 = Release|Win32
	EndGlobalSection
	GlobalSection(SolutionProperties) = preSolution
		HideSolutionNode = FALSE
	EndGlobalSection
	GlobalSection(ExtensibilityGlobals) = postSolution
		SolutionGuid = {AB91AFED-8200-4E21-9E6D-5FDD69FC3BC6}
	EndGlobalSection
EndGlobal
